
Microsoft Visual Studio Solution File, Format Version 12.00
# Visual Studio Version 17
VisualStudioVersion = 17.11.35303.130
MinimumVisualStudioVersion = 10.0.40219.1
Project("{2150E333-8FDC-42A3-9474-1A3956D46DE8}") = "src", "src", "{E222E62F-6B88-4A6F-9847-F6419C3C7CF4}"
EndProject
Project("{2150E333-8FDC-42A3-9474-1A3956D46DE8}") = "API", "API", "{8855EBA1-A51B-425A-B209-1D3B1FA4F621}"
EndProject
Project("{2150E333-8FDC-42A3-9474-1A3956D46DE8}") = "Core", "Core", "{A713CC48-8CA7-4341-9BC9-B6B1383930B0}"
EndProject
Project("{2150E333-8FDC-42A3-9474-1A3956D46DE8}") = "Infrastructure", "Infrastructure", "{A5CA0130-FB72-4FB1-AA2F-4CD0A5D3118D}"
EndProject
Project("{2150E333-8FDC-42A3-9474-1A3956D46DE8}") = "Presentation", "Presentation", "{56335532-C08E-4EE9-AB7D-1D6C89837EF2}"
EndProject
Project("{9A19103F-16F7-4668-BE54-9A1E7A4F7556}") = "HRMS.UI", "HRMS.UI\HRMS.UI.csproj", "{05AB8515-B527-490B-8527-B5AB7582E77B}"
EndProject
Project("{FAE04EC0-301F-11D3-BF4B-00C04F79EFBC}") = "HRMS_API", "HRMS_API\HRMS_API.csproj", "{67DE6437-A173-4121-BE1F-88DD1247088D}"
EndProject
Project("{FAE04EC0-301F-11D3-BF4B-00C04F79EFBC}") = "HRMS_Core", "HRMS_Core\HRMS_Core.csproj", "{1AF1DEBC-3DE9-43B0-B5EE-665C09F239DE}"
EndProject
Project("{FAE04EC0-301F-11D3-BF4B-00C04F79EFBC}") = "HRMS_Infrastructure", "HRMS_Infrastructure\HRMS_Infrastructure.csproj", "{F0C2C4DD-9F7C-4295-B8B8-F3B9273A47AD}"
EndProject
Project("{2150E333-8FDC-42A3-9474-1A3956D46DE8}") = "Utility", "Utility", "{02EA681E-C7D8-13C7-8484-4AC65E1B71E8}"
	ProjectSection(SolutionItems) = preProject
		BaseURL.cs = BaseURL.cs
	EndProjectSection
EndProject
Global
	GlobalSection(SolutionConfigurationPlatforms) = preSolution
		Debug|Any CPU = Debug|Any CPU
		Release|Any CPU = Release|Any CPU
	EndGlobalSection
	GlobalSection(ProjectConfigurationPlatforms) = postSolution
		{05AB8515-B527-490B-8527-B5AB7582E77B}.Debug|Any CPU.ActiveCfg = Debug|Any CPU
		{05AB8515-B527-490B-8527-B5AB7582E77B}.Debug|Any CPU.Build.0 = Debug|Any CPU
		{05AB8515-B527-490B-8527-B5AB7582E77B}.Release|Any CPU.ActiveCfg = Release|Any CPU
		{05AB8515-B527-490B-8527-B5AB7582E77B}.Release|Any CPU.Build.0 = Release|Any CPU
		{67DE6437-A173-4121-BE1F-88DD1247088D}.Debug|Any CPU.ActiveCfg = Debug|Any CPU
		{67DE6437-A173-4121-BE1F-88DD1247088D}.Debug|Any CPU.Build.0 = Debug|Any CPU
		{67DE6437-A173-4121-BE1F-88DD1247088D}.Release|Any CPU.ActiveCfg = Release|Any CPU
		{67DE6437-A173-4121-BE1F-88DD1247088D}.Release|Any CPU.Build.0 = Release|Any CPU
		{1AF1DEBC-3DE9-43B0-B5EE-665C09F239DE}.Debug|Any CPU.ActiveCfg = Debug|Any CPU
		{1AF1DEBC-3DE9-43B0-B5EE-665C09F239DE}.Debug|Any CPU.Build.0 = Debug|Any CPU
		{1AF1DEBC-3DE9-43B0-B5EE-665C09F239DE}.Release|Any CPU.ActiveCfg = Release|Any CPU
		{1AF1DEBC-3DE9-43B0-B5EE-665C09F239DE}.Release|Any CPU.Build.0 = Release|Any CPU
		{F0C2C4DD-9F7C-4295-B8B8-F3B9273A47AD}.Debug|Any CPU.ActiveCfg = Debug|Any CPU
		{F0C2C4DD-9F7C-4295-B8B8-F3B9273A47AD}.Debug|Any CPU.Build.0 = Debug|Any CPU
		{F0C2C4DD-9F7C-4295-B8B8-F3B9273A47AD}.Release|Any CPU.ActiveCfg = Release|Any CPU
		{F0C2C4DD-9F7C-4295-B8B8-F3B9273A47AD}.Release|Any CPU.Build.0 = Release|Any CPU
	EndGlobalSection
	GlobalSection(SolutionProperties) = preSolution
		HideSolutionNode = FALSE
	EndGlobalSection
	GlobalSection(NestedProjects) = preSolution
		{8855EBA1-A51B-425A-B209-1D3B1FA4F621} = {E222E62F-6B88-4A6F-9847-F6419C3C7CF4}
		{A713CC48-8CA7-4341-9BC9-B6B1383930B0} = {E222E62F-6B88-4A6F-9847-F6419C3C7CF4}
		{A5CA0130-FB72-4FB1-AA2F-4CD0A5D3118D} = {E222E62F-6B88-4A6F-9847-F6419C3C7CF4}
		{56335532-C08E-4EE9-AB7D-1D6C89837EF2} = {E222E62F-6B88-4A6F-9847-F6419C3C7CF4}
		{05AB8515-B527-490B-8527-B5AB7582E77B} = {56335532-C08E-4EE9-AB7D-1D6C89837EF2}
		{67DE6437-A173-4121-BE1F-88DD1247088D} = {8855EBA1-A51B-425A-B209-1D3B1FA4F621}
		{1AF1DEBC-3DE9-43B0-B5EE-665C09F239DE} = {A713CC48-8CA7-4341-9BC9-B6B1383930B0}
		{F0C2C4DD-9F7C-4295-B8B8-F3B9273A47AD} = {A5CA0130-FB72-4FB1-AA2F-4CD0A5D3118D}
		{02EA681E-C7D8-13C7-8484-4AC65E1B71E8} = {E222E62F-6B88-4A6F-9847-F6419C3C7CF4}
	EndGlobalSection
	GlobalSection(ExtensibilityGlobals) = postSolution
		SolutionGuid = {B0A1B61C-50F2-4E60-8CA5-9058A7ED6EEE}
	EndGlobalSection
EndGlobal
